// !$*UTF8*$!
{
	archiveVersion = 1;
	classes = {
	};
	objectVersion = 51;
	objects = {

/* Begin PBXBuildFile section */
		8C52679923E45E8D00955AAE /* Bars.swift in Sources */ = {isa = PBXBuildFile; fileRef = 8C52679823E45E8D00955AAE /* Bars.swift */; };
		8C52679B23E45EC400955AAE /* Deals.swift in Sources */ = {isa = PBXBuildFile; fileRef = 8C52679A23E45EC400955AAE /* Deals.swift */; };
		8C52679D23E45ED800955AAE /* Crawls.swift in Sources */ = {isa = PBXBuildFile; fileRef = 8C52679C23E45ED800955AAE /* Crawls.swift */; };
		8C80C34E23F226370006D95F /* BarViewController.swift in Sources */ = {isa = PBXBuildFile; fileRef = 8C80C34D23F226370006D95F /* BarViewController.swift */; };
		8C80C35023F2935A0006D95F /* BarViewController.xib in Resources */ = {isa = PBXBuildFile; fileRef = 8C80C34F23F2935A0006D95F /* BarViewController.xib */; };
		8C80C35823F2B3860006D95F /* CrawlViewController.swift in Sources */ = {isa = PBXBuildFile; fileRef = 8C80C35723F2B3860006D95F /* CrawlViewController.swift */; };
		8C9B428D23D26924009EF0C5 /* AppDelegate.swift in Sources */ = {isa = PBXBuildFile; fileRef = 8C9B428C23D26924009EF0C5 /* AppDelegate.swift */; };
		8C9B428F23D26924009EF0C5 /* LaunchViewController.swift in Sources */ = {isa = PBXBuildFile; fileRef = 8C9B428E23D26924009EF0C5 /* LaunchViewController.swift */; };
		8C9B429223D26924009EF0C5 /* Main.storyboard in Resources */ = {isa = PBXBuildFile; fileRef = 8C9B429023D26924009EF0C5 /* Main.storyboard */; };
		8C9B429423D26925009EF0C5 /* Assets.xcassets in Resources */ = {isa = PBXBuildFile; fileRef = 8C9B429323D26925009EF0C5 /* Assets.xcassets */; };
		8C9B429723D26925009EF0C5 /* LaunchScreen.storyboard in Resources */ = {isa = PBXBuildFile; fileRef = 8C9B429523D26925009EF0C5 /* LaunchScreen.storyboard */; };
		8C9B42A223D26925009EF0C5 /* CrawlTests.swift in Sources */ = {isa = PBXBuildFile; fileRef = 8C9B42A123D26925009EF0C5 /* CrawlTests.swift */; };
		8C9B42AD23D26925009EF0C5 /* CrawlUITests.swift in Sources */ = {isa = PBXBuildFile; fileRef = 8C9B42AC23D26925009EF0C5 /* CrawlUITests.swift */; };
		8C9B42C723D26E4F009EF0C5 /* NewYorkLarge-Black.otf in Resources */ = {isa = PBXBuildFile; fileRef = 8C9B42BB23D26E4F009EF0C5 /* NewYorkLarge-Black.otf */; };
		8C9B42C823D26E4F009EF0C5 /* NewYorkLarge-BoldItalic.otf in Resources */ = {isa = PBXBuildFile; fileRef = 8C9B42BC23D26E4F009EF0C5 /* NewYorkLarge-BoldItalic.otf */; };
		8C9B42C923D26E4F009EF0C5 /* NewYorkLarge-Heavy.otf in Resources */ = {isa = PBXBuildFile; fileRef = 8C9B42BD23D26E4F009EF0C5 /* NewYorkLarge-Heavy.otf */; };
		8C9B42CA23D26E4F009EF0C5 /* NewYorkLarge-Medium.otf in Resources */ = {isa = PBXBuildFile; fileRef = 8C9B42BE23D26E4F009EF0C5 /* NewYorkLarge-Medium.otf */; };
		8C9B42CB23D26E4F009EF0C5 /* NewYorkLarge-MediumItalic.otf in Resources */ = {isa = PBXBuildFile; fileRef = 8C9B42BF23D26E4F009EF0C5 /* NewYorkLarge-MediumItalic.otf */; };
		8C9B42CC23D26E4F009EF0C5 /* NewYorkLarge-Regular.otf in Resources */ = {isa = PBXBuildFile; fileRef = 8C9B42C023D26E4F009EF0C5 /* NewYorkLarge-Regular.otf */; };
		8C9B42CD23D26E4F009EF0C5 /* NewYorkLarge-RegularItalic.otf in Resources */ = {isa = PBXBuildFile; fileRef = 8C9B42C123D26E4F009EF0C5 /* NewYorkLarge-RegularItalic.otf */; };
		8C9B42CE23D26E4F009EF0C5 /* NewYorkLarge-Semibold.otf in Resources */ = {isa = PBXBuildFile; fileRef = 8C9B42C223D26E4F009EF0C5 /* NewYorkLarge-Semibold.otf */; };
		8C9B42CF23D26E4F009EF0C5 /* NewYorkLarge-SemiboldItalic.otf in Resources */ = {isa = PBXBuildFile; fileRef = 8C9B42C323D26E4F009EF0C5 /* NewYorkLarge-SemiboldItalic.otf */; };
		8C9B42D023D26E4F009EF0C5 /* NewYorkLarge-Bold.otf in Resources */ = {isa = PBXBuildFile; fileRef = 8C9B42C423D26E4F009EF0C5 /* NewYorkLarge-Bold.otf */; };
		8C9B42D123D26E4F009EF0C5 /* NewYorkLarge-HeavyItalic.otf in Resources */ = {isa = PBXBuildFile; fileRef = 8C9B42C523D26E4F009EF0C5 /* NewYorkLarge-HeavyItalic.otf */; };
		8C9B42D223D26E4F009EF0C5 /* NewYorkLarge-BlackItalic.otf in Resources */ = {isa = PBXBuildFile; fileRef = 8C9B42C623D26E4F009EF0C5 /* NewYorkLarge-BlackItalic.otf */; };
		8C9B42D423D686FE009EF0C5 /* Podfile in Resources */ = {isa = PBXBuildFile; fileRef = 8C9B42D323D686FE009EF0C5 /* Podfile */; };
		8CB1D05023D69AC2002F9FA5 /* HomeViewController.swift in Sources */ = {isa = PBXBuildFile; fileRef = 8CB1D04F23D69AC2002F9FA5 /* HomeViewController.swift */; };
		8CB1D05223D785B0002F9FA5 /* style.json in Resources */ = {isa = PBXBuildFile; fileRef = 8CB1D05123D785B0002F9FA5 /* style.json */; };
		8CB85F8823D7A86100011E12 /* Keys.swift in Sources */ = {isa = PBXBuildFile; fileRef = 8CB85F8723D7A86100011E12 /* Keys.swift */; };
		8CFEFADD23FF4D0000D4E287 /* GoogleService-Info.plist in Resources */ = {isa = PBXBuildFile; fileRef = 8CFEFADC23FF4D0000D4E287 /* GoogleService-Info.plist */; };
		8CFEFAE023FF50AD00D4E287 /* CrawlRepository.swift in Sources */ = {isa = PBXBuildFile; fileRef = 8CFEFADF23FF50AD00D4E287 /* CrawlRepository.swift */; };
		8CFEFAE223FF50BC00D4E287 /* BarRepository.swift in Sources */ = {isa = PBXBuildFile; fileRef = 8CFEFAE123FF50BC00D4E287 /* BarRepository.swift */; };
		8CFEFAE423FF50CE00D4E287 /* DealRepository.swift in Sources */ = {isa = PBXBuildFile; fileRef = 8CFEFAE323FF50CE00D4E287 /* DealRepository.swift */; };
		8CFEFAEE2401BB4C00D4E287 /* FirebaseManager.swift in Sources */ = {isa = PBXBuildFile; fileRef = 8CFEFAED2401BB4C00D4E287 /* FirebaseManager.swift */; };
		8CFEFAF02402E8A200D4E287 /* BarListViewController.swift in Sources */ = {isa = PBXBuildFile; fileRef = 8CFEFAEF2402E8A200D4E287 /* BarListViewController.swift */; };
		8CFEFAF22402E8AF00D4E287 /* CrawlListViewController.swift in Sources */ = {isa = PBXBuildFile; fileRef = 8CFEFAF12402E8AF00D4E287 /* CrawlListViewController.swift */; };
		8CFEFAF42402FC2C00D4E287 /* BottomSheet.swift in Sources */ = {isa = PBXBuildFile; fileRef = 8CFEFAF32402FC2C00D4E287 /* BottomSheet.swift */; };
		8CFEFAF62403017A00D4E287 /* BarListViewController.xib in Resources */ = {isa = PBXBuildFile; fileRef = 8CFEFAF52403017A00D4E287 /* BarListViewController.xib */; };
		8CFEFAF82403170800D4E287 /* CrawlListViewController.xib in Resources */ = {isa = PBXBuildFile; fileRef = 8CFEFAF72403170800D4E287 /* CrawlListViewController.xib */; };
		8CFEFAFA240319BA00D4E287 /* CrawlViewController.xib in Resources */ = {isa = PBXBuildFile; fileRef = 8CFEFAF9240319BA00D4E287 /* CrawlViewController.xib */; };
		8CFEFAFC2403217B00D4E287 /* ListSelectionViewController.swift in Sources */ = {isa = PBXBuildFile; fileRef = 8CFEFAFB2403217B00D4E287 /* ListSelectionViewController.swift */; };
		8CFEFAFE240321A600D4E287 /* SmallBottomSheetViewController.swift in Sources */ = {isa = PBXBuildFile; fileRef = 8CFEFAFD240321A600D4E287 /* SmallBottomSheetViewController.swift */; };
		8CFEFB00240322F600D4E287 /* ListSelectionViewController.xib in Resources */ = {isa = PBXBuildFile; fileRef = 8CFEFAFF240322F600D4E287 /* ListSelectionViewController.xib */; };
		8CFEFB022403260F00D4E287 /* StandardBottomSheetViewController.swift in Sources */ = {isa = PBXBuildFile; fileRef = 8CFEFB012403260F00D4E287 /* StandardBottomSheetViewController.swift */; };
		8CFEFB0524033EF700D4E287 /* BarCell.swift in Sources */ = {isa = PBXBuildFile; fileRef = 8CFEFB0324033EF700D4E287 /* BarCell.swift */; };
		8CFEFB0624033EF700D4E287 /* BarCell.xib in Resources */ = {isa = PBXBuildFile; fileRef = 8CFEFB0424033EF700D4E287 /* BarCell.xib */; };
		8CFEFB092403525A00D4E287 /* CrawlCell.swift in Sources */ = {isa = PBXBuildFile; fileRef = 8CFEFB072403525A00D4E287 /* CrawlCell.swift */; };
		8CFEFB0A2403525A00D4E287 /* CrawlCell.xib in Resources */ = {isa = PBXBuildFile; fileRef = 8CFEFB082403525A00D4E287 /* CrawlCell.xib */; };
		8CFEFB0D24037BCF00D4E287 /* DetailedBarCell.swift in Sources */ = {isa = PBXBuildFile; fileRef = 8CFEFB0B24037BCF00D4E287 /* DetailedBarCell.swift */; };
		8CFEFB0E24037BCF00D4E287 /* DetailedBarCell.xib in Resources */ = {isa = PBXBuildFile; fileRef = 8CFEFB0C24037BCF00D4E287 /* DetailedBarCell.xib */; };
		8CFEFB1124038ACB00D4E287 /* DealCell.swift in Sources */ = {isa = PBXBuildFile; fileRef = 8CFEFB0F24038ACB00D4E287 /* DealCell.swift */; };
		8CFEFB1224038ACB00D4E287 /* DealCell.xib in Resources */ = {isa = PBXBuildFile; fileRef = 8CFEFB1024038ACB00D4E287 /* DealCell.xib */; };
		8CFEFB1424038D3D00D4E287 /* CrawlHeader.swift in Sources */ = {isa = PBXBuildFile; fileRef = 8CFEFB1324038D3D00D4E287 /* CrawlHeader.swift */; };
		8CFEFB1624038D6000D4E287 /* CrawlHeader.xib in Resources */ = {isa = PBXBuildFile; fileRef = 8CFEFB1524038D6000D4E287 /* CrawlHeader.xib */; };
		8CFEFB1824038E6E00D4E287 /* DealHeader.swift in Sources */ = {isa = PBXBuildFile; fileRef = 8CFEFB1724038E6E00D4E287 /* DealHeader.swift */; };
		8CFEFB1A24038E9A00D4E287 /* DealHeader.xib in Resources */ = {isa = PBXBuildFile; fileRef = 8CFEFB1924038E9A00D4E287 /* DealHeader.xib */; };
		A38DC5232D4A95883D9FC5F8 /* libPods-Crawl.a in Frameworks */ = {isa = PBXBuildFile; fileRef = 44251A81FE41B2A6D2417172 /* libPods-Crawl.a */; };
/* End PBXBuildFile section */

/* Begin PBXContainerItemProxy section */
		8C9B429E23D26925009EF0C5 /* PBXContainerItemProxy */ = {
			isa = PBXContainerItemProxy;
			containerPortal = 8C9B428123D26924009EF0C5 /* Project object */;
			proxyType = 1;
			remoteGlobalIDString = 8C9B428823D26924009EF0C5;
			remoteInfo = Crawl;
		};
		8C9B42A923D26925009EF0C5 /* PBXContainerItemProxy */ = {
			isa = PBXContainerItemProxy;
			containerPortal = 8C9B428123D26924009EF0C5 /* Project object */;
			proxyType = 1;
			remoteGlobalIDString = 8C9B428823D26924009EF0C5;
			remoteInfo = Crawl;
		};
/* End PBXContainerItemProxy section */

/* Begin PBXFileReference section */
		44251A81FE41B2A6D2417172 /* libPods-Crawl.a */ = {isa = PBXFileReference; explicitFileType = archive.ar; includeInIndex = 0; path = "libPods-Crawl.a"; sourceTree = BUILT_PRODUCTS_DIR; };
		467DEB15F9B066B98A25DD31 /* Pods-Crawl.debug.xcconfig */ = {isa = PBXFileReference; includeInIndex = 1; lastKnownFileType = text.xcconfig; name = "Pods-Crawl.debug.xcconfig"; path = "Target Support Files/Pods-Crawl/Pods-Crawl.debug.xcconfig"; sourceTree = "<group>"; };
		727FD7D08908255B6082E2EE /* Pods-Crawl.release.xcconfig */ = {isa = PBXFileReference; includeInIndex = 1; lastKnownFileType = text.xcconfig; name = "Pods-Crawl.release.xcconfig"; path = "Target Support Files/Pods-Crawl/Pods-Crawl.release.xcconfig"; sourceTree = "<group>"; };
		8C52679823E45E8D00955AAE /* Bars.swift */ = {isa = PBXFileReference; lastKnownFileType = sourcecode.swift; path = Bars.swift; sourceTree = "<group>"; };
		8C52679A23E45EC400955AAE /* Deals.swift */ = {isa = PBXFileReference; lastKnownFileType = sourcecode.swift; path = Deals.swift; sourceTree = "<group>"; };
		8C52679C23E45ED800955AAE /* Crawls.swift */ = {isa = PBXFileReference; lastKnownFileType = sourcecode.swift; path = Crawls.swift; sourceTree = "<group>"; };
		8C80C34D23F226370006D95F /* BarViewController.swift */ = {isa = PBXFileReference; lastKnownFileType = sourcecode.swift; path = BarViewController.swift; sourceTree = "<group>"; };
		8C80C34F23F2935A0006D95F /* BarViewController.xib */ = {isa = PBXFileReference; lastKnownFileType = file.xib; path = BarViewController.xib; sourceTree = "<group>"; };
		8C80C35723F2B3860006D95F /* CrawlViewController.swift */ = {isa = PBXFileReference; lastKnownFileType = sourcecode.swift; path = CrawlViewController.swift; sourceTree = "<group>"; };
		8C9B428923D26924009EF0C5 /* Crawl.app */ = {isa = PBXFileReference; explicitFileType = wrapper.application; includeInIndex = 0; path = Crawl.app; sourceTree = BUILT_PRODUCTS_DIR; };
		8C9B428C23D26924009EF0C5 /* AppDelegate.swift */ = {isa = PBXFileReference; lastKnownFileType = sourcecode.swift; path = AppDelegate.swift; sourceTree = "<group>"; };
		8C9B428E23D26924009EF0C5 /* LaunchViewController.swift */ = {isa = PBXFileReference; lastKnownFileType = sourcecode.swift; path = LaunchViewController.swift; sourceTree = "<group>"; };
		8C9B429123D26924009EF0C5 /* Base */ = {isa = PBXFileReference; lastKnownFileType = file.storyboard; name = Base; path = Base.lproj/Main.storyboard; sourceTree = "<group>"; };
		8C9B429323D26925009EF0C5 /* Assets.xcassets */ = {isa = PBXFileReference; lastKnownFileType = folder.assetcatalog; path = Assets.xcassets; sourceTree = "<group>"; };
		8C9B429623D26925009EF0C5 /* Base */ = {isa = PBXFileReference; lastKnownFileType = file.storyboard; name = Base; path = Base.lproj/LaunchScreen.storyboard; sourceTree = "<group>"; };
		8C9B429823D26925009EF0C5 /* Info.plist */ = {isa = PBXFileReference; lastKnownFileType = text.plist.xml; path = Info.plist; sourceTree = "<group>"; };
		8C9B429D23D26925009EF0C5 /* CrawlTests.xctest */ = {isa = PBXFileReference; explicitFileType = wrapper.cfbundle; includeInIndex = 0; path = CrawlTests.xctest; sourceTree = BUILT_PRODUCTS_DIR; };
		8C9B42A123D26925009EF0C5 /* CrawlTests.swift */ = {isa = PBXFileReference; lastKnownFileType = sourcecode.swift; path = CrawlTests.swift; sourceTree = "<group>"; };
		8C9B42A323D26925009EF0C5 /* Info.plist */ = {isa = PBXFileReference; lastKnownFileType = text.plist.xml; path = Info.plist; sourceTree = "<group>"; };
		8C9B42A823D26925009EF0C5 /* CrawlUITests.xctest */ = {isa = PBXFileReference; explicitFileType = wrapper.cfbundle; includeInIndex = 0; path = CrawlUITests.xctest; sourceTree = BUILT_PRODUCTS_DIR; };
		8C9B42AC23D26925009EF0C5 /* CrawlUITests.swift */ = {isa = PBXFileReference; lastKnownFileType = sourcecode.swift; path = CrawlUITests.swift; sourceTree = "<group>"; };
		8C9B42AE23D26925009EF0C5 /* Info.plist */ = {isa = PBXFileReference; lastKnownFileType = text.plist.xml; path = Info.plist; sourceTree = "<group>"; };
		8C9B42BB23D26E4F009EF0C5 /* NewYorkLarge-Black.otf */ = {isa = PBXFileReference; lastKnownFileType = file; name = "NewYorkLarge-Black.otf"; path = "../../../../../../../../Library/Fonts/NewYorkLarge-Black.otf"; sourceTree = "<group>"; };
		8C9B42BC23D26E4F009EF0C5 /* NewYorkLarge-BoldItalic.otf */ = {isa = PBXFileReference; lastKnownFileType = file; name = "NewYorkLarge-BoldItalic.otf"; path = "../../../../../../../../Library/Fonts/NewYorkLarge-BoldItalic.otf"; sourceTree = "<group>"; };
		8C9B42BD23D26E4F009EF0C5 /* NewYorkLarge-Heavy.otf */ = {isa = PBXFileReference; lastKnownFileType = file; name = "NewYorkLarge-Heavy.otf"; path = "../../../../../../../../Library/Fonts/NewYorkLarge-Heavy.otf"; sourceTree = "<group>"; };
		8C9B42BE23D26E4F009EF0C5 /* NewYorkLarge-Medium.otf */ = {isa = PBXFileReference; lastKnownFileType = file; name = "NewYorkLarge-Medium.otf"; path = "../../../../../../../../Library/Fonts/NewYorkLarge-Medium.otf"; sourceTree = "<group>"; };
		8C9B42BF23D26E4F009EF0C5 /* NewYorkLarge-MediumItalic.otf */ = {isa = PBXFileReference; lastKnownFileType = file; name = "NewYorkLarge-MediumItalic.otf"; path = "../../../../../../../../Library/Fonts/NewYorkLarge-MediumItalic.otf"; sourceTree = "<group>"; };
		8C9B42C023D26E4F009EF0C5 /* NewYorkLarge-Regular.otf */ = {isa = PBXFileReference; lastKnownFileType = file; name = "NewYorkLarge-Regular.otf"; path = "../../../../../../../../Library/Fonts/NewYorkLarge-Regular.otf"; sourceTree = "<group>"; };
		8C9B42C123D26E4F009EF0C5 /* NewYorkLarge-RegularItalic.otf */ = {isa = PBXFileReference; lastKnownFileType = file; name = "NewYorkLarge-RegularItalic.otf"; path = "../../../../../../../../Library/Fonts/NewYorkLarge-RegularItalic.otf"; sourceTree = "<group>"; };
		8C9B42C223D26E4F009EF0C5 /* NewYorkLarge-Semibold.otf */ = {isa = PBXFileReference; lastKnownFileType = file; name = "NewYorkLarge-Semibold.otf"; path = "../../../../../../../../Library/Fonts/NewYorkLarge-Semibold.otf"; sourceTree = "<group>"; };
		8C9B42C323D26E4F009EF0C5 /* NewYorkLarge-SemiboldItalic.otf */ = {isa = PBXFileReference; lastKnownFileType = file; name = "NewYorkLarge-SemiboldItalic.otf"; path = "../../../../../../../../Library/Fonts/NewYorkLarge-SemiboldItalic.otf"; sourceTree = "<group>"; };
		8C9B42C423D26E4F009EF0C5 /* NewYorkLarge-Bold.otf */ = {isa = PBXFileReference; lastKnownFileType = file; name = "NewYorkLarge-Bold.otf"; path = "../../../../../../../../Library/Fonts/NewYorkLarge-Bold.otf"; sourceTree = "<group>"; };
		8C9B42C523D26E4F009EF0C5 /* NewYorkLarge-HeavyItalic.otf */ = {isa = PBXFileReference; lastKnownFileType = file; name = "NewYorkLarge-HeavyItalic.otf"; path = "../../../../../../../../Library/Fonts/NewYorkLarge-HeavyItalic.otf"; sourceTree = "<group>"; };
		8C9B42C623D26E4F009EF0C5 /* NewYorkLarge-BlackItalic.otf */ = {isa = PBXFileReference; lastKnownFileType = file; name = "NewYorkLarge-BlackItalic.otf"; path = "../../../../../../../../Library/Fonts/NewYorkLarge-BlackItalic.otf"; sourceTree = "<group>"; };
		8C9B42D323D686FE009EF0C5 /* Podfile */ = {isa = PBXFileReference; lastKnownFileType = text; path = Podfile; sourceTree = "<group>"; xcLanguageSpecificationIdentifier = xcode.lang.ruby; };
		8CB1D04F23D69AC2002F9FA5 /* HomeViewController.swift */ = {isa = PBXFileReference; lastKnownFileType = sourcecode.swift; path = HomeViewController.swift; sourceTree = "<group>"; };
		8CB1D05123D785B0002F9FA5 /* style.json */ = {isa = PBXFileReference; lastKnownFileType = text.json; path = style.json; sourceTree = "<group>"; };
		8CB85F8723D7A86100011E12 /* Keys.swift */ = {isa = PBXFileReference; lastKnownFileType = sourcecode.swift; path = Keys.swift; sourceTree = "<group>"; };
		8CFEFADC23FF4D0000D4E287 /* GoogleService-Info.plist */ = {isa = PBXFileReference; fileEncoding = 4; lastKnownFileType = text.plist.xml; path = "GoogleService-Info.plist"; sourceTree = "<group>"; };
		8CFEFADF23FF50AD00D4E287 /* CrawlRepository.swift */ = {isa = PBXFileReference; lastKnownFileType = sourcecode.swift; path = CrawlRepository.swift; sourceTree = "<group>"; };
		8CFEFAE123FF50BC00D4E287 /* BarRepository.swift */ = {isa = PBXFileReference; lastKnownFileType = sourcecode.swift; path = BarRepository.swift; sourceTree = "<group>"; };
		8CFEFAE323FF50CE00D4E287 /* DealRepository.swift */ = {isa = PBXFileReference; lastKnownFileType = sourcecode.swift; path = DealRepository.swift; sourceTree = "<group>"; };
		8CFEFAED2401BB4C00D4E287 /* FirebaseManager.swift */ = {isa = PBXFileReference; lastKnownFileType = sourcecode.swift; path = FirebaseManager.swift; sourceTree = "<group>"; };
		8CFEFAEF2402E8A200D4E287 /* BarListViewController.swift */ = {isa = PBXFileReference; lastKnownFileType = sourcecode.swift; path = BarListViewController.swift; sourceTree = "<group>"; };
		8CFEFAF12402E8AF00D4E287 /* CrawlListViewController.swift */ = {isa = PBXFileReference; lastKnownFileType = sourcecode.swift; path = CrawlListViewController.swift; sourceTree = "<group>"; };
		8CFEFAF32402FC2C00D4E287 /* BottomSheet.swift */ = {isa = PBXFileReference; lastKnownFileType = sourcecode.swift; path = BottomSheet.swift; sourceTree = "<group>"; };
		8CFEFAF52403017A00D4E287 /* BarListViewController.xib */ = {isa = PBXFileReference; lastKnownFileType = file.xib; path = BarListViewController.xib; sourceTree = "<group>"; };
		8CFEFAF72403170800D4E287 /* CrawlListViewController.xib */ = {isa = PBXFileReference; lastKnownFileType = file.xib; path = CrawlListViewController.xib; sourceTree = "<group>"; };
		8CFEFAF9240319BA00D4E287 /* CrawlViewController.xib */ = {isa = PBXFileReference; lastKnownFileType = file.xib; path = CrawlViewController.xib; sourceTree = "<group>"; };
		8CFEFAFB2403217B00D4E287 /* ListSelectionViewController.swift */ = {isa = PBXFileReference; lastKnownFileType = sourcecode.swift; path = ListSelectionViewController.swift; sourceTree = "<group>"; };
		8CFEFAFD240321A600D4E287 /* SmallBottomSheetViewController.swift */ = {isa = PBXFileReference; lastKnownFileType = sourcecode.swift; path = SmallBottomSheetViewController.swift; sourceTree = "<group>"; };
		8CFEFAFF240322F600D4E287 /* ListSelectionViewController.xib */ = {isa = PBXFileReference; lastKnownFileType = file.xib; path = ListSelectionViewController.xib; sourceTree = "<group>"; };
		8CFEFB012403260F00D4E287 /* StandardBottomSheetViewController.swift */ = {isa = PBXFileReference; lastKnownFileType = sourcecode.swift; path = StandardBottomSheetViewController.swift; sourceTree = "<group>"; };
		8CFEFB0324033EF700D4E287 /* BarCell.swift */ = {isa = PBXFileReference; lastKnownFileType = sourcecode.swift; path = BarCell.swift; sourceTree = "<group>"; };
		8CFEFB0424033EF700D4E287 /* BarCell.xib */ = {isa = PBXFileReference; lastKnownFileType = file.xib; path = BarCell.xib; sourceTree = "<group>"; };
		8CFEFB072403525A00D4E287 /* CrawlCell.swift */ = {isa = PBXFileReference; lastKnownFileType = sourcecode.swift; path = CrawlCell.swift; sourceTree = "<group>"; };
		8CFEFB082403525A00D4E287 /* CrawlCell.xib */ = {isa = PBXFileReference; lastKnownFileType = file.xib; path = CrawlCell.xib; sourceTree = "<group>"; };
		8CFEFB0B24037BCF00D4E287 /* DetailedBarCell.swift */ = {isa = PBXFileReference; lastKnownFileType = sourcecode.swift; path = DetailedBarCell.swift; sourceTree = "<group>"; };
		8CFEFB0C24037BCF00D4E287 /* DetailedBarCell.xib */ = {isa = PBXFileReference; lastKnownFileType = file.xib; path = DetailedBarCell.xib; sourceTree = "<group>"; };
		8CFEFB0F24038ACB00D4E287 /* DealCell.swift */ = {isa = PBXFileReference; lastKnownFileType = sourcecode.swift; path = DealCell.swift; sourceTree = "<group>"; };
		8CFEFB1024038ACB00D4E287 /* DealCell.xib */ = {isa = PBXFileReference; lastKnownFileType = file.xib; path = DealCell.xib; sourceTree = "<group>"; };
		8CFEFB1324038D3D00D4E287 /* CrawlHeader.swift */ = {isa = PBXFileReference; lastKnownFileType = sourcecode.swift; path = CrawlHeader.swift; sourceTree = "<group>"; };
		8CFEFB1524038D6000D4E287 /* CrawlHeader.xib */ = {isa = PBXFileReference; lastKnownFileType = file.xib; path = CrawlHeader.xib; sourceTree = "<group>"; };
		8CFEFB1724038E6E00D4E287 /* DealHeader.swift */ = {isa = PBXFileReference; lastKnownFileType = sourcecode.swift; path = DealHeader.swift; sourceTree = "<group>"; };
		8CFEFB1924038E9A00D4E287 /* DealHeader.xib */ = {isa = PBXFileReference; lastKnownFileType = file.xib; path = DealHeader.xib; sourceTree = "<group>"; };
/* End PBXFileReference section */

/* Begin PBXFrameworksBuildPhase section */
		8C9B428623D26924009EF0C5 /* Frameworks */ = {
			isa = PBXFrameworksBuildPhase;
			buildActionMask = 2147483647;
			files = (
				A38DC5232D4A95883D9FC5F8 /* libPods-Crawl.a in Frameworks */,
			);
			runOnlyForDeploymentPostprocessing = 0;
		};
		8C9B429A23D26925009EF0C5 /* Frameworks */ = {
			isa = PBXFrameworksBuildPhase;
			buildActionMask = 2147483647;
			files = (
			);
			runOnlyForDeploymentPostprocessing = 0;
		};
		8C9B42A523D26925009EF0C5 /* Frameworks */ = {
			isa = PBXFrameworksBuildPhase;
			buildActionMask = 2147483647;
			files = (
			);
			runOnlyForDeploymentPostprocessing = 0;
		};
/* End PBXFrameworksBuildPhase section */

/* Begin PBXGroup section */
		390A1674098294851FF05C39 /* Pods */ = {
			isa = PBXGroup;
			children = (
				467DEB15F9B066B98A25DD31 /* Pods-Crawl.debug.xcconfig */,
				727FD7D08908255B6082E2EE /* Pods-Crawl.release.xcconfig */,
			);
			path = Pods;
			sourceTree = "<group>";
		};
		8C52679523E4568000955AAE /* UI */ = {
			isa = PBXGroup;
			children = (
				8C9B428E23D26924009EF0C5 /* LaunchViewController.swift */,
				8CB1D04F23D69AC2002F9FA5 /* HomeViewController.swift */,
				8C80C34D23F226370006D95F /* BarViewController.swift */,
				8C80C35723F2B3860006D95F /* CrawlViewController.swift */,
				8CFEFAEF2402E8A200D4E287 /* BarListViewController.swift */,
				8CFEFAF12402E8AF00D4E287 /* CrawlListViewController.swift */,
				8CFEFAF32402FC2C00D4E287 /* BottomSheet.swift */,
				8CFEFAFB2403217B00D4E287 /* ListSelectionViewController.swift */,
				8CFEFAFD240321A600D4E287 /* SmallBottomSheetViewController.swift */,
				8CFEFB012403260F00D4E287 /* StandardBottomSheetViewController.swift */,
				8CFEFB0324033EF700D4E287 /* BarCell.swift */,
				8CFEFB072403525A00D4E287 /* CrawlCell.swift */,
				8CFEFB0B24037BCF00D4E287 /* DetailedBarCell.swift */,
				8CFEFB0F24038ACB00D4E287 /* DealCell.swift */,
				8CFEFB1324038D3D00D4E287 /* CrawlHeader.swift */,
				8CFEFB1724038E6E00D4E287 /* DealHeader.swift */,
			);
			path = UI;
			sourceTree = "<group>";
		};
		8C52679623E4569700955AAE /* Models */ = {
			isa = PBXGroup;
			children = (
				8C52679823E45E8D00955AAE /* Bars.swift */,
				8C52679A23E45EC400955AAE /* Deals.swift */,
				8C52679C23E45ED800955AAE /* Crawls.swift */,
			);
			path = Models;
			sourceTree = "<group>";
		};
		8C9B428023D26924009EF0C5 = {
			isa = PBXGroup;
			children = (
				8C9B42D323D686FE009EF0C5 /* Podfile */,
				8C9B428B23D26924009EF0C5 /* Crawl */,
				8C9B42A023D26925009EF0C5 /* CrawlTests */,
				8C9B42AB23D26925009EF0C5 /* CrawlUITests */,
				8C9B428A23D26924009EF0C5 /* Products */,
				390A1674098294851FF05C39 /* Pods */,
				E564AB451E605F762E8739B2 /* Frameworks */,
			);
			sourceTree = "<group>";
		};
		8C9B428A23D26924009EF0C5 /* Products */ = {
			isa = PBXGroup;
			children = (
				8C9B428923D26924009EF0C5 /* Crawl.app */,
				8C9B429D23D26925009EF0C5 /* CrawlTests.xctest */,
				8C9B42A823D26925009EF0C5 /* CrawlUITests.xctest */,
			);
			name = Products;
			sourceTree = "<group>";
		};
		8C9B428B23D26924009EF0C5 /* Crawl */ = {
			isa = PBXGroup;
			children = (
				8CFEFAEC2401BB3C00D4E287 /* Utilities */,
				8CFEFADE23FF503E00D4E287 /* Services */,
				8C52679623E4569700955AAE /* Models */,
				8C52679523E4568000955AAE /* UI */,
				8C9B42BA23D26BBA009EF0C5 /* Resources */,
				8C9B428C23D26924009EF0C5 /* AppDelegate.swift */,
				8C9B429023D26924009EF0C5 /* Main.storyboard */,
				8C9B429323D26925009EF0C5 /* Assets.xcassets */,
				8C9B429523D26925009EF0C5 /* LaunchScreen.storyboard */,
				8C9B429823D26925009EF0C5 /* Info.plist */,
				8CFEFADC23FF4D0000D4E287 /* GoogleService-Info.plist */,
				8CB1D05123D785B0002F9FA5 /* style.json */,
				8CB85F8723D7A86100011E12 /* Keys.swift */,
				8C80C34F23F2935A0006D95F /* BarViewController.xib */,
				8CFEFAF52403017A00D4E287 /* BarListViewController.xib */,
				8CFEFAF72403170800D4E287 /* CrawlListViewController.xib */,
				8CFEFAF9240319BA00D4E287 /* CrawlViewController.xib */,
				8CFEFAFF240322F600D4E287 /* ListSelectionViewController.xib */,
				8CFEFB0424033EF700D4E287 /* BarCell.xib */,
				8CFEFB082403525A00D4E287 /* CrawlCell.xib */,
				8CFEFB0C24037BCF00D4E287 /* DetailedBarCell.xib */,
				8CFEFB1024038ACB00D4E287 /* DealCell.xib */,
				8CFEFB1524038D6000D4E287 /* CrawlHeader.xib */,
				8CFEFB1924038E9A00D4E287 /* DealHeader.xib */,
			);
			path = Crawl;
			sourceTree = "<group>";
		};
		8C9B42A023D26925009EF0C5 /* CrawlTests */ = {
			isa = PBXGroup;
			children = (
				8C9B42A123D26925009EF0C5 /* CrawlTests.swift */,
				8C9B42A323D26925009EF0C5 /* Info.plist */,
			);
			path = CrawlTests;
			sourceTree = "<group>";
		};
		8C9B42AB23D26925009EF0C5 /* CrawlUITests */ = {
			isa = PBXGroup;
			children = (
				8C9B42AC23D26925009EF0C5 /* CrawlUITests.swift */,
				8C9B42AE23D26925009EF0C5 /* Info.plist */,
			);
			path = CrawlUITests;
			sourceTree = "<group>";
		};
		8C9B42BA23D26BBA009EF0C5 /* Resources */ = {
			isa = PBXGroup;
			children = (
				8C9B42BB23D26E4F009EF0C5 /* NewYorkLarge-Black.otf */,
				8C9B42C623D26E4F009EF0C5 /* NewYorkLarge-BlackItalic.otf */,
				8C9B42C423D26E4F009EF0C5 /* NewYorkLarge-Bold.otf */,
				8C9B42BC23D26E4F009EF0C5 /* NewYorkLarge-BoldItalic.otf */,
				8C9B42BD23D26E4F009EF0C5 /* NewYorkLarge-Heavy.otf */,
				8C9B42C523D26E4F009EF0C5 /* NewYorkLarge-HeavyItalic.otf */,
				8C9B42BE23D26E4F009EF0C5 /* NewYorkLarge-Medium.otf */,
				8C9B42BF23D26E4F009EF0C5 /* NewYorkLarge-MediumItalic.otf */,
				8C9B42C023D26E4F009EF0C5 /* NewYorkLarge-Regular.otf */,
				8C9B42C123D26E4F009EF0C5 /* NewYorkLarge-RegularItalic.otf */,
				8C9B42C223D26E4F009EF0C5 /* NewYorkLarge-Semibold.otf */,
				8C9B42C323D26E4F009EF0C5 /* NewYorkLarge-SemiboldItalic.otf */,
			);
			path = Resources;
			sourceTree = "<group>";
		};
		8CFEFADE23FF503E00D4E287 /* Services */ = {
			isa = PBXGroup;
			children = (
				8CFEFADF23FF50AD00D4E287 /* CrawlRepository.swift */,
				8CFEFAE123FF50BC00D4E287 /* BarRepository.swift */,
				8CFEFAE323FF50CE00D4E287 /* DealRepository.swift */,
			);
			path = Services;
			sourceTree = "<group>";
		};
		8CFEFAEC2401BB3C00D4E287 /* Utilities */ = {
			isa = PBXGroup;
			children = (
				8CFEFAED2401BB4C00D4E287 /* FirebaseManager.swift */,
			);
			path = Utilities;
			sourceTree = "<group>";
		};
		E564AB451E605F762E8739B2 /* Frameworks */ = {
			isa = PBXGroup;
			children = (
				44251A81FE41B2A6D2417172 /* libPods-Crawl.a */,
			);
			name = Frameworks;
			sourceTree = "<group>";
		};
/* End PBXGroup section */

/* Begin PBXNativeTarget section */
		8C9B428823D26924009EF0C5 /* Crawl */ = {
			isa = PBXNativeTarget;
			buildConfigurationList = 8C9B42B123D26925009EF0C5 /* Build configuration list for PBXNativeTarget "Crawl" */;
			buildPhases = (
				3C22C4C9776BB678EEE6A096 /* [CP] Check Pods Manifest.lock */,
				8C9B428523D26924009EF0C5 /* Sources */,
				8C9B428623D26924009EF0C5 /* Frameworks */,
				8C9B428723D26924009EF0C5 /* Resources */,
				D28D193C9232CBBD3E209190 /* [CP] Copy Pods Resources */,
			);
			buildRules = (
			);
			dependencies = (
			);
			name = Crawl;
			productName = Crawl;
			productReference = 8C9B428923D26924009EF0C5 /* Crawl.app */;
			productType = "com.apple.product-type.application";
		};
		8C9B429C23D26925009EF0C5 /* CrawlTests */ = {
			isa = PBXNativeTarget;
			buildConfigurationList = 8C9B42B423D26925009EF0C5 /* Build configuration list for PBXNativeTarget "CrawlTests" */;
			buildPhases = (
				8C9B429923D26925009EF0C5 /* Sources */,
				8C9B429A23D26925009EF0C5 /* Frameworks */,
				8C9B429B23D26925009EF0C5 /* Resources */,
			);
			buildRules = (
			);
			dependencies = (
				8C9B429F23D26925009EF0C5 /* PBXTargetDependency */,
			);
			name = CrawlTests;
			productName = CrawlTests;
			productReference = 8C9B429D23D26925009EF0C5 /* CrawlTests.xctest */;
			productType = "com.apple.product-type.bundle.unit-test";
		};
		8C9B42A723D26925009EF0C5 /* CrawlUITests */ = {
			isa = PBXNativeTarget;
			buildConfigurationList = 8C9B42B723D26925009EF0C5 /* Build configuration list for PBXNativeTarget "CrawlUITests" */;
			buildPhases = (
				8C9B42A423D26925009EF0C5 /* Sources */,
				8C9B42A523D26925009EF0C5 /* Frameworks */,
				8C9B42A623D26925009EF0C5 /* Resources */,
			);
			buildRules = (
			);
			dependencies = (
				8C9B42AA23D26925009EF0C5 /* PBXTargetDependency */,
			);
			name = CrawlUITests;
			productName = CrawlUITests;
			productReference = 8C9B42A823D26925009EF0C5 /* CrawlUITests.xctest */;
			productType = "com.apple.product-type.bundle.ui-testing";
		};
/* End PBXNativeTarget section */

/* Begin PBXProject section */
		8C9B428123D26924009EF0C5 /* Project object */ = {
			isa = PBXProject;
			attributes = {
				LastSwiftUpdateCheck = 1010;
				LastUpgradeCheck = 1010;
				ORGANIZATIONNAME = "Jonah Starling";
				TargetAttributes = {
					8C9B428823D26924009EF0C5 = {
						CreatedOnToolsVersion = 10.1;
						LastSwiftMigration = 1130;
					};
					8C9B429C23D26925009EF0C5 = {
						CreatedOnToolsVersion = 10.1;
						LastSwiftMigration = 1130;
						TestTargetID = 8C9B428823D26924009EF0C5;
					};
					8C9B42A723D26925009EF0C5 = {
						CreatedOnToolsVersion = 10.1;
						LastSwiftMigration = 1130;
						TestTargetID = 8C9B428823D26924009EF0C5;
					};
				};
			};
			buildConfigurationList = 8C9B428423D26924009EF0C5 /* Build configuration list for PBXProject "Crawl" */;
			compatibilityVersion = "Xcode 9.3";
			developmentRegion = en;
			hasScannedForEncodings = 0;
			knownRegions = (
				en,
				Base,
			);
			mainGroup = 8C9B428023D26924009EF0C5;
			productRefGroup = 8C9B428A23D26924009EF0C5 /* Products */;
			projectDirPath = "";
			projectRoot = "";
			targets = (
				8C9B428823D26924009EF0C5 /* Crawl */,
				8C9B429C23D26925009EF0C5 /* CrawlTests */,
				8C9B42A723D26925009EF0C5 /* CrawlUITests */,
			);
		};
/* End PBXProject section */

/* Begin PBXResourcesBuildPhase section */
		8C9B428723D26924009EF0C5 /* Resources */ = {
			isa = PBXResourcesBuildPhase;
			buildActionMask = 2147483647;
			files = (
				8C9B42CA23D26E4F009EF0C5 /* NewYorkLarge-Medium.otf in Resources */,
				8CFEFB0624033EF700D4E287 /* BarCell.xib in Resources */,
				8C9B429723D26925009EF0C5 /* LaunchScreen.storyboard in Resources */,
				8CFEFAF62403017A00D4E287 /* BarListViewController.xib in Resources */,
				8C9B42CF23D26E4F009EF0C5 /* NewYorkLarge-SemiboldItalic.otf in Resources */,
				8CFEFB0E24037BCF00D4E287 /* DetailedBarCell.xib in Resources */,
				8CFEFB1624038D6000D4E287 /* CrawlHeader.xib in Resources */,
				8C9B42D223D26E4F009EF0C5 /* NewYorkLarge-BlackItalic.otf in Resources */,
				8C9B42CD23D26E4F009EF0C5 /* NewYorkLarge-RegularItalic.otf in Resources */,
				8C9B42CB23D26E4F009EF0C5 /* NewYorkLarge-MediumItalic.otf in Resources */,
				8C9B42C723D26E4F009EF0C5 /* NewYorkLarge-Black.otf in Resources */,
				8C9B429423D26925009EF0C5 /* Assets.xcassets in Resources */,
				8CFEFB1A24038E9A00D4E287 /* DealHeader.xib in Resources */,
				8C9B42CE23D26E4F009EF0C5 /* NewYorkLarge-Semibold.otf in Resources */,
				8CFEFB1224038ACB00D4E287 /* DealCell.xib in Resources */,
				8C9B42C823D26E4F009EF0C5 /* NewYorkLarge-BoldItalic.otf in Resources */,
				8C9B42D423D686FE009EF0C5 /* Podfile in Resources */,
				8CFEFAFA240319BA00D4E287 /* CrawlViewController.xib in Resources */,
				8CFEFADD23FF4D0000D4E287 /* GoogleService-Info.plist in Resources */,
				8C9B429223D26924009EF0C5 /* Main.storyboard in Resources */,
				8C9B42D023D26E4F009EF0C5 /* NewYorkLarge-Bold.otf in Resources */,
				8C80C35023F2935A0006D95F /* BarViewController.xib in Resources */,
				8CFEFB0A2403525A00D4E287 /* CrawlCell.xib in Resources */,
				8C9B42D123D26E4F009EF0C5 /* NewYorkLarge-HeavyItalic.otf in Resources */,
				8C9B42CC23D26E4F009EF0C5 /* NewYorkLarge-Regular.otf in Resources */,
				8CB1D05223D785B0002F9FA5 /* style.json in Resources */,
				8CFEFB00240322F600D4E287 /* ListSelectionViewController.xib in Resources */,
				8CFEFAF82403170800D4E287 /* CrawlListViewController.xib in Resources */,
				8C9B42C923D26E4F009EF0C5 /* NewYorkLarge-Heavy.otf in Resources */,
			);
			runOnlyForDeploymentPostprocessing = 0;
		};
		8C9B429B23D26925009EF0C5 /* Resources */ = {
			isa = PBXResourcesBuildPhase;
			buildActionMask = 2147483647;
			files = (
			);
			runOnlyForDeploymentPostprocessing = 0;
		};
		8C9B42A623D26925009EF0C5 /* Resources */ = {
			isa = PBXResourcesBuildPhase;
			buildActionMask = 2147483647;
			files = (
			);
			runOnlyForDeploymentPostprocessing = 0;
		};
/* End PBXResourcesBuildPhase section */

/* Begin PBXShellScriptBuildPhase section */
		3C22C4C9776BB678EEE6A096 /* [CP] Check Pods Manifest.lock */ = {
			isa = PBXShellScriptBuildPhase;
			buildActionMask = 2147483647;
			files = (
			);
			inputFileListPaths = (
			);
			inputPaths = (
				"${PODS_PODFILE_DIR_PATH}/Podfile.lock",
				"${PODS_ROOT}/Manifest.lock",
			);
			name = "[CP] Check Pods Manifest.lock";
			outputFileListPaths = (
			);
			outputPaths = (
				"$(DERIVED_FILE_DIR)/Pods-Crawl-checkManifestLockResult.txt",
			);
			runOnlyForDeploymentPostprocessing = 0;
			shellPath = /bin/sh;
			shellScript = "diff \"${PODS_PODFILE_DIR_PATH}/Podfile.lock\" \"${PODS_ROOT}/Manifest.lock\" > /dev/null\nif [ $? != 0 ] ; then\n    # print error to STDERR\n    echo \"error: The sandbox is not in sync with the Podfile.lock. Run 'pod install' or update your CocoaPods installation.\" >&2\n    exit 1\nfi\n# This output is used by Xcode 'outputs' to avoid re-running this script phase.\necho \"SUCCESS\" > \"${SCRIPT_OUTPUT_FILE_0}\"\n";
			showEnvVarsInLog = 0;
		};
		D28D193C9232CBBD3E209190 /* [CP] Copy Pods Resources */ = {
			isa = PBXShellScriptBuildPhase;
			buildActionMask = 2147483647;
			files = (
			);
			inputFileListPaths = (
				"${PODS_ROOT}/Target Support Files/Pods-Crawl/Pods-Crawl-resources-${CONFIGURATION}-input-files.xcfilelist",
			);
			name = "[CP] Copy Pods Resources";
			outputFileListPaths = (
				"${PODS_ROOT}/Target Support Files/Pods-Crawl/Pods-Crawl-resources-${CONFIGURATION}-output-files.xcfilelist",
			);
			runOnlyForDeploymentPostprocessing = 0;
			shellPath = /bin/sh;
			shellScript = "\"${PODS_ROOT}/Target Support Files/Pods-Crawl/Pods-Crawl-resources.sh\"\n";
			showEnvVarsInLog = 0;
		};
/* End PBXShellScriptBuildPhase section */

/* Begin PBXSourcesBuildPhase section */
		8C9B428523D26924009EF0C5 /* Sources */ = {
			isa = PBXSourcesBuildPhase;
			buildActionMask = 2147483647;
			files = (
				8CFEFAFC2403217B00D4E287 /* ListSelectionViewController.swift in Sources */,
				8CFEFB0524033EF700D4E287 /* BarCell.swift in Sources */,
				8C52679923E45E8D00955AAE /* Bars.swift in Sources */,
				8C52679D23E45ED800955AAE /* Crawls.swift in Sources */,
				8C9B428F23D26924009EF0C5 /* LaunchViewController.swift in Sources */,
				8CFEFAE423FF50CE00D4E287 /* DealRepository.swift in Sources */,
				8CFEFAF02402E8A200D4E287 /* BarListViewController.swift in Sources */,
				8C80C35823F2B3860006D95F /* CrawlViewController.swift in Sources */,
				8CFEFAF22402E8AF00D4E287 /* CrawlListViewController.swift in Sources */,
				8CFEFAF42402FC2C00D4E287 /* BottomSheet.swift in Sources */,
				8CB85F8823D7A86100011E12 /* Keys.swift in Sources */,
				8CFEFB1124038ACB00D4E287 /* DealCell.swift in Sources */,
				8C80C34E23F226370006D95F /* BarViewController.swift in Sources */,
				8CFEFAE023FF50AD00D4E287 /* CrawlRepository.swift in Sources */,
				8C52679B23E45EC400955AAE /* Deals.swift in Sources */,
				8CFEFAFE240321A600D4E287 /* SmallBottomSheetViewController.swift in Sources */,
				8CFEFB0D24037BCF00D4E287 /* DetailedBarCell.swift in Sources */,
				8CFEFB1824038E6E00D4E287 /* DealHeader.swift in Sources */,
				8CFEFB022403260F00D4E287 /* StandardBottomSheetViewController.swift in Sources */,
				8C9B428D23D26924009EF0C5 /* AppDelegate.swift in Sources */,
				8CFEFAEE2401BB4C00D4E287 /* FirebaseManager.swift in Sources */,
				8CB1D05023D69AC2002F9FA5 /* HomeViewController.swift in Sources */,
				8CFEFB092403525A00D4E287 /* CrawlCell.swift in Sources */,
				8CFEFB1424038D3D00D4E287 /* CrawlHeader.swift in Sources */,
				8CFEFAE223FF50BC00D4E287 /* BarRepository.swift in Sources */,
			);
			runOnlyForDeploymentPostprocessing = 0;
		};
		8C9B429923D26925009EF0C5 /* Sources */ = {
			isa = PBXSourcesBuildPhase;
			buildActionMask = 2147483647;
			files = (
				8C9B42A223D26925009EF0C5 /* CrawlTests.swift in Sources */,
			);
			runOnlyForDeploymentPostprocessing = 0;
		};
		8C9B42A423D26925009EF0C5 /* Sources */ = {
			isa = PBXSourcesBuildPhase;
			buildActionMask = 2147483647;
			files = (
				8C9B42AD23D26925009EF0C5 /* CrawlUITests.swift in Sources */,
			);
			runOnlyForDeploymentPostprocessing = 0;
		};
/* End PBXSourcesBuildPhase section */

/* Begin PBXTargetDependency section */
		8C9B429F23D26925009EF0C5 /* PBXTargetDependency */ = {
			isa = PBXTargetDependency;
			target = 8C9B428823D26924009EF0C5 /* Crawl */;
			targetProxy = 8C9B429E23D26925009EF0C5 /* PBXContainerItemProxy */;
		};
		8C9B42AA23D26925009EF0C5 /* PBXTargetDependency */ = {
			isa = PBXTargetDependency;
			target = 8C9B428823D26924009EF0C5 /* Crawl */;
			targetProxy = 8C9B42A923D26925009EF0C5 /* PBXContainerItemProxy */;
		};
/* End PBXTargetDependency section */

/* Begin PBXVariantGroup section */
		8C9B429023D26924009EF0C5 /* Main.storyboard */ = {
			isa = PBXVariantGroup;
			children = (
				8C9B429123D26924009EF0C5 /* Base */,
			);
			name = Main.storyboard;
			sourceTree = "<group>";
		};
		8C9B429523D26925009EF0C5 /* LaunchScreen.storyboard */ = {
			isa = PBXVariantGroup;
			children = (
				8C9B429623D26925009EF0C5 /* Base */,
			);
			name = LaunchScreen.storyboard;
			sourceTree = "<group>";
		};
/* End PBXVariantGroup section */

/* Begin XCBuildConfiguration section */
		8C9B42AF23D26925009EF0C5 /* Debug */ = {
			isa = XCBuildConfiguration;
			buildSettings = {
				ALWAYS_SEARCH_USER_PATHS = NO;
				CLANG_ANALYZER_NONNULL = YES;
				CLANG_ANALYZER_NUMBER_OBJECT_CONVERSION = YES_AGGRESSIVE;
				CLANG_CXX_LANGUAGE_STANDARD = "gnu++14";
				CLANG_CXX_LIBRARY = "libc++";
				CLANG_ENABLE_MODULES = YES;
				CLANG_ENABLE_OBJC_ARC = YES;
				CLANG_ENABLE_OBJC_WEAK = YES;
				CLANG_WARN_BLOCK_CAPTURE_AUTORELEASING = YES;
				CLANG_WARN_BOOL_CONVERSION = YES;
				CLANG_WARN_COMMA = YES;
				CLANG_WARN_CONSTANT_CONVERSION = YES;
				CLANG_WARN_DEPRECATED_OBJC_IMPLEMENTATIONS = YES;
				CLANG_WARN_DIRECT_OBJC_ISA_USAGE = YES_ERROR;
				CLANG_WARN_DOCUMENTATION_COMMENTS = YES;
				CLANG_WARN_EMPTY_BODY = YES;
				CLANG_WARN_ENUM_CONVERSION = YES;
				CLANG_WARN_INFINITE_RECURSION = YES;
				CLANG_WARN_INT_CONVERSION = YES;
				CLANG_WARN_NON_LITERAL_NULL_CONVERSION = YES;
				CLANG_WARN_OBJC_IMPLICIT_RETAIN_SELF = YES;
				CLANG_WARN_OBJC_LITERAL_CONVERSION = YES;
				CLANG_WARN_OBJC_ROOT_CLASS = YES_ERROR;
				CLANG_WARN_RANGE_LOOP_ANALYSIS = YES;
				CLANG_WARN_STRICT_PROTOTYPES = YES;
				CLANG_WARN_SUSPICIOUS_MOVE = YES;
				CLANG_WARN_UNGUARDED_AVAILABILITY = YES_AGGRESSIVE;
				CLANG_WARN_UNREACHABLE_CODE = YES;
				CLANG_WARN__DUPLICATE_METHOD_MATCH = YES;
				CODE_SIGN_IDENTITY = "iPhone Developer";
				COPY_PHASE_STRIP = NO;
				DEBUG_INFORMATION_FORMAT = dwarf;
				ENABLE_STRICT_OBJC_MSGSEND = YES;
				ENABLE_TESTABILITY = YES;
				GCC_C_LANGUAGE_STANDARD = gnu11;
				GCC_DYNAMIC_NO_PIC = NO;
				GCC_NO_COMMON_BLOCKS = YES;
				GCC_OPTIMIZATION_LEVEL = 0;
				GCC_PREPROCESSOR_DEFINITIONS = (
					"DEBUG=1",
					"$(inherited)",
				);
				GCC_WARN_64_TO_32_BIT_CONVERSION = YES;
				GCC_WARN_ABOUT_RETURN_TYPE = YES_ERROR;
				GCC_WARN_UNDECLARED_SELECTOR = YES;
				GCC_WARN_UNINITIALIZED_AUTOS = YES_AGGRESSIVE;
				GCC_WARN_UNUSED_FUNCTION = YES;
				GCC_WARN_UNUSED_VARIABLE = YES;
				IPHONEOS_DEPLOYMENT_TARGET = 12.1;
				MTL_ENABLE_DEBUG_INFO = INCLUDE_SOURCE;
				MTL_FAST_MATH = YES;
				ONLY_ACTIVE_ARCH = YES;
				SDKROOT = iphoneos;
				SWIFT_ACTIVE_COMPILATION_CONDITIONS = DEBUG;
				SWIFT_OPTIMIZATION_LEVEL = "-Onone";
			};
			name = Debug;
		};
		8C9B42B023D26925009EF0C5 /* Release */ = {
			isa = XCBuildConfiguration;
			buildSettings = {
				ALWAYS_SEARCH_USER_PATHS = NO;
				CLANG_ANALYZER_NONNULL = YES;
				CLANG_ANALYZER_NUMBER_OBJECT_CONVERSION = YES_AGGRESSIVE;
				CLANG_CXX_LANGUAGE_STANDARD = "gnu++14";
				CLANG_CXX_LIBRARY = "libc++";
				CLANG_ENABLE_MODULES = YES;
				CLANG_ENABLE_OBJC_ARC = YES;
				CLANG_ENABLE_OBJC_WEAK = YES;
				CLANG_WARN_BLOCK_CAPTURE_AUTORELEASING = YES;
				CLANG_WARN_BOOL_CONVERSION = YES;
				CLANG_WARN_COMMA = YES;
				CLANG_WARN_CONSTANT_CONVERSION = YES;
				CLANG_WARN_DEPRECATED_OBJC_IMPLEMENTATIONS = YES;
				CLANG_WARN_DIRECT_OBJC_ISA_USAGE = YES_ERROR;
				CLANG_WARN_DOCUMENTATION_COMMENTS = YES;
				CLANG_WARN_EMPTY_BODY = YES;
				CLANG_WARN_ENUM_CONVERSION = YES;
				CLANG_WARN_INFINITE_RECURSION = YES;
				CLANG_WARN_INT_CONVERSION = YES;
				CLANG_WARN_NON_LITERAL_NULL_CONVERSION = YES;
				CLANG_WARN_OBJC_IMPLICIT_RETAIN_SELF = YES;
				CLANG_WARN_OBJC_LITERAL_CONVERSION = YES;
				CLANG_WARN_OBJC_ROOT_CLASS = YES_ERROR;
				CLANG_WARN_RANGE_LOOP_ANALYSIS = YES;
				CLANG_WARN_STRICT_PROTOTYPES = YES;
				CLANG_WARN_SUSPICIOUS_MOVE = YES;
				CLANG_WARN_UNGUARDED_AVAILABILITY = YES_AGGRESSIVE;
				CLANG_WARN_UNREACHABLE_CODE = YES;
				CLANG_WARN__DUPLICATE_METHOD_MATCH = YES;
				CODE_SIGN_IDENTITY = "iPhone Developer";
				COPY_PHASE_STRIP = NO;
				DEBUG_INFORMATION_FORMAT = "dwarf-with-dsym";
				ENABLE_NS_ASSERTIONS = NO;
				ENABLE_STRICT_OBJC_MSGSEND = YES;
				GCC_C_LANGUAGE_STANDARD = gnu11;
				GCC_NO_COMMON_BLOCKS = YES;
				GCC_WARN_64_TO_32_BIT_CONVERSION = YES;
				GCC_WARN_ABOUT_RETURN_TYPE = YES_ERROR;
				GCC_WARN_UNDECLARED_SELECTOR = YES;
				GCC_WARN_UNINITIALIZED_AUTOS = YES_AGGRESSIVE;
				GCC_WARN_UNUSED_FUNCTION = YES;
				GCC_WARN_UNUSED_VARIABLE = YES;
				IPHONEOS_DEPLOYMENT_TARGET = 12.1;
				MTL_ENABLE_DEBUG_INFO = NO;
				MTL_FAST_MATH = YES;
				SDKROOT = iphoneos;
				SWIFT_COMPILATION_MODE = wholemodule;
				SWIFT_OPTIMIZATION_LEVEL = "-O";
				VALIDATE_PRODUCT = YES;
			};
			name = Release;
		};
		8C9B42B223D26925009EF0C5 /* Debug */ = {
			isa = XCBuildConfiguration;
			baseConfigurationReference = 467DEB15F9B066B98A25DD31 /* Pods-Crawl.debug.xcconfig */;
			buildSettings = {
				ASSETCATALOG_COMPILER_APPICON_NAME = AppIcon;
				CODE_SIGN_STYLE = Automatic;
				DEVELOPMENT_TEAM = VWJRY9T89T;
				INFOPLIST_FILE = Crawl/Info.plist;
				LD_RUNPATH_SEARCH_PATHS = (
					"$(inherited)",
					"@executable_path/Frameworks",
				);
				PRODUCT_BUNDLE_IDENTIFIER = com.jonahstarling.crawl;
				PRODUCT_NAME = "$(TARGET_NAME)";
				SWIFT_VERSION = 5.0;
				TARGETED_DEVICE_FAMILY = 1;
			};
			name = Debug;
		};
		8C9B42B323D26925009EF0C5 /* Release */ = {
			isa = XCBuildConfiguration;
			baseConfigurationReference = 727FD7D08908255B6082E2EE /* Pods-Crawl.release.xcconfig */;
			buildSettings = {
				ASSETCATALOG_COMPILER_APPICON_NAME = AppIcon;
				CODE_SIGN_STYLE = Automatic;
				DEVELOPMENT_TEAM = VWJRY9T89T;
				INFOPLIST_FILE = Crawl/Info.plist;
				LD_RUNPATH_SEARCH_PATHS = (
					"$(inherited)",
					"@executable_path/Frameworks",
				);
				PRODUCT_BUNDLE_IDENTIFIER = com.jonahstarling.crawl;
				PRODUCT_NAME = "$(TARGET_NAME)";
				SWIFT_VERSION = 5.0;
				TARGETED_DEVICE_FAMILY = 1;
			};
			name = Release;
		};
		8C9B42B523D26925009EF0C5 /* Debug */ = {
			isa = XCBuildConfiguration;
			buildSettings = {
				ALWAYS_EMBED_SWIFT_STANDARD_LIBRARIES = YES;
				BUNDLE_LOADER = "$(TEST_HOST)";
				CODE_SIGN_STYLE = Automatic;
				DEVELOPMENT_TEAM = VWJRY9T89T;
				INFOPLIST_FILE = CrawlTests/Info.plist;
				LD_RUNPATH_SEARCH_PATHS = (
					"$(inherited)",
					"@executable_path/Frameworks",
					"@loader_path/Frameworks",
				);
				PRODUCT_BUNDLE_IDENTIFIER = com.jonahstarling.CrawlTests;
				PRODUCT_NAME = "$(TARGET_NAME)";
				SWIFT_VERSION = 5.0;
				TARGETED_DEVICE_FAMILY = "1,2";
				TEST_HOST = "$(BUILT_PRODUCTS_DIR)/Crawl.app/Crawl";
			};
			name = Debug;
		};
		8C9B42B623D26925009EF0C5 /* Release */ = {
			isa = XCBuildConfiguration;
			buildSettings = {
				ALWAYS_EMBED_SWIFT_STANDARD_LIBRARIES = YES;
				BUNDLE_LOADER = "$(TEST_HOST)";
				CODE_SIGN_STYLE = Automatic;
				DEVELOPMENT_TEAM = VWJRY9T89T;
				INFOPLIST_FILE = CrawlTests/Info.plist;
				LD_RUNPATH_SEARCH_PATHS = (
					"$(inherited)",
					"@executable_path/Frameworks",
					"@loader_path/Frameworks",
				);
				PRODUCT_BUNDLE_IDENTIFIER = com.jonahstarling.CrawlTests;
				PRODUCT_NAME = "$(TARGET_NAME)";
				SWIFT_VERSION = 5.0;
				TARGETED_DEVICE_FAMILY = "1,2";
				TEST_HOST = "$(BUILT_PRODUCTS_DIR)/Crawl.app/Crawl";
			};
			name = Release;
		};
		8C9B42B823D26925009EF0C5 /* Debug */ = {
			isa = XCBuildConfiguration;
			buildSettings = {
				ALWAYS_EMBED_SWIFT_STANDARD_LIBRARIES = YES;
				CODE_SIGN_STYLE = Automatic;
				DEVELOPMENT_TEAM = VWJRY9T89T;
				INFOPLIST_FILE = CrawlUITests/Info.plist;
				LD_RUNPATH_SEARCH_PATHS = (
					"$(inherited)",
					"@executable_path/Frameworks",
					"@loader_path/Frameworks",
				);
				PRODUCT_BUNDLE_IDENTIFIER = com.jonahstarling.CrawlUITests;
				PRODUCT_NAME = "$(TARGET_NAME)";
				SWIFT_VERSION = 5.0;
				TARGETED_DEVICE_FAMILY = "1,2";
				TEST_TARGET_NAME = Crawl;
			};
			name = Debug;
		};
		8C9B42B923D26925009EF0C5 /* Release */ = {
			isa = XCBuildConfiguration;
			buildSettings = {
				ALWAYS_EMBED_SWIFT_STANDARD_LIBRARIES = YES;
				CODE_SIGN_STYLE = Automatic;
				DEVELOPMENT_TEAM = VWJRY9T89T;
				INFOPLIST_FILE = CrawlUITests/Info.plist;
				LD_RUNPATH_SEARCH_PATHS = (
					"$(inherited)",
					"@executable_path/Frameworks",
					"@loader_path/Frameworks",
				);
				PRODUCT_BUNDLE_IDENTIFIER = com.jonahstarling.CrawlUITests;
				PRODUCT_NAME = "$(TARGET_NAME)";
				SWIFT_VERSION = 5.0;
				TARGETED_DEVICE_FAMILY = "1,2";
				TEST_TARGET_NAME = Crawl;
			};
			name = Release;
		};
/* End XCBuildConfiguration section */

/* Begin XCConfigurationList section */
		8C9B428423D26924009EF0C5 /* Build configuration list for PBXProject "Crawl" */ = {
			isa = XCConfigurationList;
			buildConfigurations = (
				8C9B42AF23D26925009EF0C5 /* Debug */,
				8C9B42B023D26925009EF0C5 /* Release */,
			);
			defaultConfigurationIsVisible = 0;
			defaultConfigurationName = Release;
		};
		8C9B42B123D26925009EF0C5 /* Build configuration list for PBXNativeTarget "Crawl" */ = {
			isa = XCConfigurationList;
			buildConfigurations = (
				8C9B42B223D26925009EF0C5 /* Debug */,
				8C9B42B323D26925009EF0C5 /* Release */,
			);
			defaultConfigurationIsVisible = 0;
			defaultConfigurationName = Release;
		};
		8C9B42B423D26925009EF0C5 /* Build configuration list for PBXNativeTarget "CrawlTests" */ = {
			isa = XCConfigurationList;
			buildConfigurations = (
				8C9B42B523D26925009EF0C5 /* Debug */,
				8C9B42B623D26925009EF0C5 /* Release */,
			);
			defaultConfigurationIsVisible = 0;
			defaultConfigurationName = Release;
		};
		8C9B42B723D26925009EF0C5 /* Build configuration list for PBXNativeTarget "CrawlUITests" */ = {
			isa = XCConfigurationList;
			buildConfigurations = (
				8C9B42B823D26925009EF0C5 /* Debug */,
				8C9B42B923D26925009EF0C5 /* Release */,
			);
			defaultConfigurationIsVisible = 0;
			defaultConfigurationName = Release;
		};
/* End XCConfigurationList section */
	};
	rootObject = 8C9B428123D26924009EF0C5 /* Project object */;
}
